{
  "nodes": {
    "nixpkgs": {
      "locked": {
        "lastModified": 1773122722,
        "narHash": "sha256-FIqHByVqxCprNjor1NqF80F2QQoiiyqanNNefdlvOg4=",
        "owner": "NixOS",
        "repo": "nixpkgs",
        "rev": "62dc67aa6a52b4364dd75994ec00b51fbf474e50",
        "type": "github"
      },
      "original": {
        "owner": "NixOS",
        "ref": "nixos-unstable",
        "repo": "nixpkgs",
        "type": "github"
      }
    },
    "nixpkgs_2": {
      "locked": {
        "lastModified": 1770197578,
        "narHash": "sha256-AYqlWrX09+HvGs8zM6ebZ1pwUqjkfpnv8mewYwAo+iM=",
        "owner": "NixOS",
        "repo": "nixpkgs",
        "rev": "00c21e4c93d963c50d4c0c89bfa84ed6e0694df2",
        "type": "github"
      },
      "original": {
        "owner": "NixOS",
        "ref": "nixos-unstable",
        "repo": "nixpkgs",
        "type": "github"
      }
    },
    "root": {
      "inputs": {
        "nixpkgs": "nixpkgs",
        "wine-overlays": "wine-overlays"
      }
    },
    "wine-overlays": {
      "inputs": {
        "nixpkgs": "nixpkgs_2"
      },
      "locked": {
        "lastModified": 1773245306,
        "narHash": "sha256-7KU7XOiMiPaTj0JIWuzy25fTBvNb92fMrQJI4UJJz0w=",
        "owner": "clemenscodes",
        "repo": "wine-overlays",
        "rev": "88ca6ce5b937e000f333423c4a9e2a9420d327b4",
        "type": "github"
      },
      "original": {
        "owner": "clemenscodes",
        "repo": "wine-overlays",
        "type": "github"
      }
    }
  },
  "root": "root",
  "version": 7
}
